dependencies:
- name: replicated-library
  repository: https://replicatedhq.github.io/helm-charts
  version: 0.13.7
- name: postgresql
  repository: https://charts.bitnami.com/bitnami
  version: 12.6.5
- name: redis
  repository: https://charts.bitnami.com/bitnami
  version: 17.11.8
digest: sha256:593b1fe2f954ef4d63d32a8a8972d4faf950dce6fc94c1a2461370d8c9b0d649
generated: "2023-07-15T18:21:47.833096165-05:00"
