dependencies:
- name: replicated-library
  repository: file://../../../helm-charts-library/charts/replicated-library
  version: 0.13.7
- name: postgresql
  repository: oci://registry-1.docker.io/bitnamicharts
  version: 12.6.5
- name: redis
  repository: oci://registry-1.docker.io/bitnamicharts
  version: 17.11.8
digest: sha256:ced2d87144d69482f5b8fef4ee64057228f789e0c166fd0b1927f115c4b2bdc9
generated: "2023-07-13T17:44:13.173623383-05:00"
